// !$*UTF8*$!
{
	archiveVersion = 1;
	classes = {
	};
	objectVersion = 46;
	objects = {

/* Begin PBXBuildFile section */
		14C25EF31211ED0400622309 /* MediaPlayer.h in Headers */ = {isa = PBXBuildFile; fileRef = 14C25EF21211ED0400622309 /* MediaPlayer.h */; settings = {ATTRIBUTES = (Public, ); }; };
		14C25F001211ED4C00622309 /* MPMusicPlayerController.h in Headers */ = {isa = PBXBuildFile; fileRef = 14C25EFE1211ED4C00622309 /* MPMusicPlayerController.h */; settings = {ATTRIBUTES = (Public, ); }; };
		14C25F011211ED4C00622309 /* MPMusicPlayerController.m in Sources */ = {isa = PBXBuildFile; fileRef = 14C25EFF1211ED4C00622309 /* MPMusicPlayerController.m */; };
		14EFB1BB1211DB5300D19B0C /* Cocoa.framework in Frameworks */ = {isa = PBXBuildFile; fileRef = 14EFB1BA1211DB5300D19B0C /* Cocoa.framework */; };
		4C1677D913C70F1A00814195 /* MPMoviePlayerController.h in Headers */ = {isa = PBXBuildFile; fileRef = 4C1677D713C70F1900814195 /* MPMoviePlayerController.h */; settings = {ATTRIBUTES = (Public, ); }; };
		4C1677DA13C70F1A00814195 /* MPMoviePlayerController.m in Sources */ = {isa = PBXBuildFile; fileRef = 4C1677D813C70F1900814195 /* MPMoviePlayerController.m */; };
		4C16781613C71E4900814195 /* MPMediaPlayback.h in Headers */ = {isa = PBXBuildFile; fileRef = 4C16781513C71E4900814195 /* MPMediaPlayback.h */; settings = {ATTRIBUTES = (Public, ); }; };
		4C16781A13C71E6200814195 /* UIInternalMovieView.h in Headers */ = {isa = PBXBuildFile; fileRef = 4C16781813C71E6200814195 /* UIInternalMovieView.h */; settings = {ATTRIBUTES = (Private, ); }; };
		4C16781B13C71E6200814195 /* UIInternalMovieView.m in Sources */ = {isa = PBXBuildFile; fileRef = 4C16781913C71E6200814195 /* UIInternalMovieView.m */; };
		4C72FDF613C746E800D3E453 /* QuartzCore.framework in Frameworks */ = {isa = PBXBuildFile; fileRef = 4C72FDF513C746E800D3E453 /* QuartzCore.framework */; };
		554DC1261C569A2400284B0A /* MPiTunesMusicPlayerController.h in Headers */ = {isa = PBXBuildFile; fileRef = 554DC1241C569A2400284B0A /* MPiTunesMusicPlayerController.h */; };
		554DC1271C569A2400284B0A /* MPiTunesMusicPlayerController.m in Sources */ = {isa = PBXBuildFile; fileRef = 554DC1251C569A2400284B0A /* MPiTunesMusicPlayerController.m */; };
		554DC1291C569C3A00284B0A /* iTunesLibrary.framework in Frameworks */ = {isa = PBXBuildFile; fileRef = 554DC1281C569C3A00284B0A /* iTunesLibrary.framework */; };
		554DC12B1C569D4C00284B0A /* iTunes.h in Headers */ = {isa = PBXBuildFile; fileRef = 554DC12A1C569D4C00284B0A /* iTunes.h */; };
		55A3AB021C53E356004FA75E /* AVFoundation.framework in Frameworks */ = {isa = PBXBuildFile; fileRef = 55A3AB011C53E356004FA75E /* AVFoundation.framework */; };
		55FE7F6C1C533F11002F6F1C /* UIKit.framework in Frameworks */ = {isa = PBXBuildFile; fileRef = 4C16787A13C71F8A00814195 /* UIKit.framework */; };
/* End PBXBuildFile section */

/* Begin PBXContainerItemProxy section */
		4C16787913C71F8A00814195 /* PBXContainerItemProxy */ = {
			isa = PBXContainerItemProxy;
			containerPortal = 4C16787213C71F8A00814195 /* UIKit.xcodeproj */;
			proxyType = 2;
			remoteGlobalIDString = 8DC2EF5B0486A6940098B216;
			remoteInfo = UIKit;
		};
		55FE7F6A1C533F09002F6F1C /* PBXContainerItemProxy */ = {
			isa = PBXContainerItemProxy;
			containerPortal = 4C16787213C71F8A00814195 /* UIKit.xcodeproj */;
			proxyType = 1;
			remoteGlobalIDString = 8DC2EF4F0486A6940098B216;
			remoteInfo = UIKit;
		};
/* End PBXContainerItemProxy section */

/* Begin PBXFileReference section */
		0867D69BFE84028FC02AAC07 /* Foundation.framework */ = {isa = PBXFileReference; lastKnownFileType = wrapper.framework; name = Foundation.framework; path = System/Library/Frameworks/Foundation.framework; sourceTree = SDKROOT; };
		0867D6A5FE840307C02AAC07 /* AppKit.framework */ = {isa = PBXFileReference; lastKnownFileType = wrapper.framework; name = AppKit.framework; path = System/Library/Frameworks/AppKit.framework; sourceTree = SDKROOT; };
		14C25EF21211ED0400622309 /* MediaPlayer.h */ = {isa = PBXFileReference; fileEncoding = 4; lastKnownFileType = sourcecode.c.h; name = MediaPlayer.h; path = Classes/MediaPlayer.h; sourceTree = SOURCE_ROOT; };
		14C25EF41211ED0C00622309 /* MediaPlayer_Prefix.pch */ = {isa = PBXFileReference; fileEncoding = 4; lastKnownFileType = sourcecode.c.h; path = MediaPlayer_Prefix.pch; sourceTree = "<group>"; };
		14C25EFE1211ED4C00622309 /* MPMusicPlayerController.h */ = {isa = PBXFileReference; fileEncoding = 4; lastKnownFileType = sourcecode.c.h; name = MPMusicPlayerController.h; path = Classes/MPMusicPlayerController.h; sourceTree = SOURCE_ROOT; };
		14C25EFF1211ED4C00622309 /* MPMusicPlayerController.m */ = {isa = PBXFileReference; fileEncoding = 4; lastKnownFileType = sourcecode.c.objc; name = MPMusicPlayerController.m; path = Classes/MPMusicPlayerController.m; sourceTree = SOURCE_ROOT; };
		14EFB1BA1211DB5300D19B0C /* Cocoa.framework */ = {isa = PBXFileReference; lastKnownFileType = wrapper.framework; name = Cocoa.framework; path = System/Library/Frameworks/Cocoa.framework; sourceTree = SDKROOT; };
		4C1677D713C70F1900814195 /* MPMoviePlayerController.h */ = {isa = PBXFileReference; fileEncoding = 4; lastKnownFileType = sourcecode.c.h; name = MPMoviePlayerController.h; path = Classes/MPMoviePlayerController.h; sourceTree = SOURCE_ROOT; };
		4C1677D813C70F1900814195 /* MPMoviePlayerController.m */ = {isa = PBXFileReference; fileEncoding = 4; lastKnownFileType = sourcecode.c.objc; name = MPMoviePlayerController.m; path = Classes/MPMoviePlayerController.m; sourceTree = SOURCE_ROOT; };
		4C16781513C71E4900814195 /* MPMediaPlayback.h */ = {isa = PBXFileReference; fileEncoding = 4; lastKnownFileType = sourcecode.c.h; name = MPMediaPlayback.h; path = Classes/MPMediaPlayback.h; sourceTree = SOURCE_ROOT; };
		4C16781813C71E6200814195 /* UIInternalMovieView.h */ = {isa = PBXFileReference; fileEncoding = 4; lastKnownFileType = sourcecode.c.h; name = UIInternalMovieView.h; path = Classes/UIInternalMovieView.h; sourceTree = SOURCE_ROOT; };
		4C16781913C71E6200814195 /* UIInternalMovieView.m */ = {isa = PBXFileReference; fileEncoding = 4; lastKnownFileType = sourcecode.c.objc; name = UIInternalMovieView.m; path = Classes/UIInternalMovieView.m; sourceTree = SOURCE_ROOT; };
		4C16787213C71F8A00814195 /* UIKit.xcodeproj */ = {isa = PBXFileReference; lastKnownFileType = "wrapper.pb-project"; name = UIKit.xcodeproj; path = ../UIKit/UIKit.xcodeproj; sourceTree = "<group>"; };
		4C72FDF513C746E800D3E453 /* QuartzCore.framework */ = {isa = PBXFileReference; lastKnownFileType = wrapper.framework; name = QuartzCore.framework; path = System/Library/Frameworks/QuartzCore.framework; sourceTree = SDKROOT; };
		554DC1241C569A2400284B0A /* MPiTunesMusicPlayerController.h */ = {isa = PBXFileReference; fileEncoding = 4; lastKnownFileType = sourcecode.c.h; name = MPiTunesMusicPlayerController.h; path = Classes/MPiTunesMusicPlayerController.h; sourceTree = SOURCE_ROOT; };
		554DC1251C569A2400284B0A /* MPiTunesMusicPlayerController.m */ = {isa = PBXFileReference; fileEncoding = 4; lastKnownFileType = sourcecode.c.objc; name = MPiTunesMusicPlayerController.m; path = Classes/MPiTunesMusicPlayerController.m; sourceTree = SOURCE_ROOT; };
		554DC1281C569C3A00284B0A /* iTunesLibrary.framework */ = {isa = PBXFileReference; lastKnownFileType = wrapper.framework; name = iTunesLibrary.framework; path = /Library/Frameworks/iTunesLibrary.framework; sourceTree = "<absolute>"; };
		554DC12A1C569D4C00284B0A /* iTunes.h */ = {isa = PBXFileReference; fileEncoding = 4; lastKnownFileType = sourcecode.c.h; name = iTunes.h; path = Classes/iTunes.h; sourceTree = "<group>"; };
		55A3AB011C53E356004FA75E /* AVFoundation.framework */ = {isa = PBXFileReference; lastKnownFileType = wrapper.framework; name = AVFoundation.framework; path = System/Library/Frameworks/AVFoundation.framework; sourceTree = SDKROOT; };
		8DC2EF5A0486A6940098B216 /* Info.plist */ = {isa = PBXFileReference; fileEncoding = 4; lastKnownFileType = text.plist.xml; path = Info.plist; sourceTree = "<group>"; };
		8DC2EF5B0486A6940098B216 /* MediaPlayer.framework */ = {isa = PBXFileReference; explicitFileType = wrapper.framework; includeInIndex = 0; path = MediaPlayer.framework; sourceTree = BUILT_PRODUCTS_DIR; };
/* End PBXFileReference section */

/* Begin PBXFrameworksBuildPhase section */
		8DC2EF560486A6940098B216 /* Frameworks */ = {
			isa = PBXFrameworksBuildPhase;
			buildActionMask = 2147483647;
			files = (
				554DC1291C569C3A00284B0A /* iTunesLibrary.framework in Frameworks */,
				55A3AB021C53E356004FA75E /* AVFoundation.framework in Frameworks */,
				55FE7F6C1C533F11002F6F1C /* UIKit.framework in Frameworks */,
				4C72FDF613C746E800D3E453 /* QuartzCore.framework in Frameworks */,
				14EFB1BB1211DB5300D19B0C /* Cocoa.framework in Frameworks */,
			);
			runOnlyForDeploymentPostprocessing = 0;
		};
/* End PBXFrameworksBuildPhase section */

/* Begin PBXGroup section */
		034768DFFF38A50411DB9C8B /* Products */ = {
			isa = PBXGroup;
			children = (
				8DC2EF5B0486A6940098B216 /* MediaPlayer.framework */,
			);
			name = Products;
			sourceTree = "<group>";
		};
		0867D691FE84028FC02AAC07 /* UIKit */ = {
			isa = PBXGroup;
			children = (
				08FB77AEFE84172EC02AAC07 /* Classes */,
				4C16780A13C71DDC00814195 /* Private Classes */,
				089C1665FE841158C02AAC07 /* Resources */,
				32C88DFF0371C24200C91783 /* Other Sources */,
				0867D69AFE84028FC02AAC07 /* Frameworks */,
				034768DFFF38A50411DB9C8B /* Products */,
			);
			name = UIKit;
			sourceTree = "<group>";
		};
		0867D69AFE84028FC02AAC07 /* Frameworks */ = {
			isa = PBXGroup;
			children = (
				554DC1281C569C3A00284B0A /* iTunesLibrary.framework */,
				4C16787213C71F8A00814195 /* UIKit.xcodeproj */,
				55A3AB011C53E356004FA75E /* AVFoundation.framework */,
				4C72FDF513C746E800D3E453 /* QuartzCore.framework */,
				0867D6A5FE840307C02AAC07 /* AppKit.framework */,
				0867D69BFE84028FC02AAC07 /* Foundation.framework */,
				14EFB1BA1211DB5300D19B0C /* Cocoa.framework */,
			);
			name = Frameworks;
			sourceTree = "<group>";
		};
		089C1665FE841158C02AAC07 /* Resources */ = {
			isa = PBXGroup;
			children = (
				8DC2EF5A0486A6940098B216 /* Info.plist */,
			);
			name = Resources;
			sourceTree = "<group>";
		};
		08FB77AEFE84172EC02AAC07 /* Classes */ = {
			isa = PBXGroup;
			children = (
				14C25EF21211ED0400622309 /* MediaPlayer.h */,
				14C25EFE1211ED4C00622309 /* MPMusicPlayerController.h */,
				14C25EFF1211ED4C00622309 /* MPMusicPlayerController.m */,
				4C1677D713C70F1900814195 /* MPMoviePlayerController.h */,
				4C1677D813C70F1900814195 /* MPMoviePlayerController.m */,
				4C16781513C71E4900814195 /* MPMediaPlayback.h */,
			);
			name = Classes;
			sourceTree = "<group>";
		};
		32C88DFF0371C24200C91783 /* Other Sources */ = {
			isa = PBXGroup;
			children = (
				14C25EF41211ED0C00622309 /* MediaPlayer_Prefix.pch */,
			);
			name = "Other Sources";
			sourceTree = "<group>";
		};
		4C16780A13C71DDC00814195 /* Private Classes */ = {
			isa = PBXGroup;
			children = (
				554DC12A1C569D4C00284B0A /* iTunes.h */,
				4C16781813C71E6200814195 /* UIInternalMovieView.h */,
				4C16781913C71E6200814195 /* UIInternalMovieView.m */,
				554DC1241C569A2400284B0A /* MPiTunesMusicPlayerController.h */,
				554DC1251C569A2400284B0A /* MPiTunesMusicPlayerController.m */,
			);
			name = "Private Classes";
			sourceTree = "<group>";
		};
		4C16787313C71F8A00814195 /* Products */ = {
			isa = PBXGroup;
			children = (
				4C16787A13C71F8A00814195 /* UIKit.framework */,
			);
			name = Products;
			sourceTree = "<group>";
		};
/* End PBXGroup section */

/* Begin PBXHeadersBuildPhase section */
		8DC2EF500486A6940098B216 /* Headers */ = {
			isa = PBXHeadersBuildPhase;
			buildActionMask = 2147483647;
			files = (
				14C25EF31211ED0400622309 /* MediaPlayer.h in Headers */,
				14C25F001211ED4C00622309 /* MPMusicPlayerController.h in Headers */,
				4C1677D913C70F1A00814195 /* MPMoviePlayerController.h in Headers */,
				554DC12B1C569D4C00284B0A /* iTunes.h in Headers */,
				4C16781613C71E4900814195 /* MPMediaPlayback.h in Headers */,
				554DC1261C569A2400284B0A /* MPiTunesMusicPlayerController.h in Headers */,
				4C16781A13C71E6200814195 /* UIInternalMovieView.h in Headers */,
			);
			runOnlyForDeploymentPostprocessing = 0;
		};
/* End PBXHeadersBuildPhase section */

/* Begin PBXNativeTarget section */
		8DC2EF4F0486A6940098B216 /* MediaPlayer */ = {
			isa = PBXNativeTarget;
			buildConfigurationList = 1DEB91AD08733DA50010E9CD /* Build configuration list for PBXNativeTarget "MediaPlayer" */;
			buildPhases = (
				8DC2EF500486A6940098B216 /* Headers */,
				8DC2EF520486A6940098B216 /* Resources */,
				8DC2EF540486A6940098B216 /* Sources */,
				8DC2EF560486A6940098B216 /* Frameworks */,
			);
			buildRules = (
			);
			dependencies = (
				55FE7F6B1C533F09002F6F1C /* PBXTargetDependency */,
			);
			name = MediaPlayer;
			productInstallPath = "$(HOME)/Library/Frameworks";
			productName = UIKit;
			productReference = 8DC2EF5B0486A6940098B216 /* MediaPlayer.framework */;
			productType = "com.apple.product-type.framework";
		};
/* End PBXNativeTarget section */

/* Begin PBXProject section */
		0867D690FE84028FC02AAC07 /* Project object */ = {
			isa = PBXProject;
			attributes = {
				LastUpgradeCheck = 0720;
			};
			buildConfigurationList = 1DEB91B108733DA50010E9CD /* Build configuration list for PBXProject "MediaPlayer" */;
			compatibilityVersion = "Xcode 3.2";
			developmentRegion = English;
			hasScannedForEncodings = 1;
			knownRegions = (
				English,
				Japanese,
				French,
				German,
			);
			mainGroup = 0867D691FE84028FC02AAC07 /* UIKit */;
			productRefGroup = 034768DFFF38A50411DB9C8B /* Products */;
			projectDirPath = "";
			projectReferences = (
				{
					ProductGroup = 4C16787313C71F8A00814195 /* Products */;
					ProjectRef = 4C16787213C71F8A00814195 /* UIKit.xcodeproj */;
				},
			);
			projectRoot = "";
			targets = (
				8DC2EF4F0486A6940098B216 /* MediaPlayer */,
			);
		};
/* End PBXProject section */

/* Begin PBXReferenceProxy section */
		4C16787A13C71F8A00814195 /* UIKit.framework */ = {
			isa = PBXReferenceProxy;
			fileType = wrapper.framework;
			path = UIKit.framework;
			remoteRef = 4C16787913C71F8A00814195 /* PBXContainerItemProxy */;
			sourceTree = BUILT_PRODUCTS_DIR;
		};
/* End PBXReferenceProxy section */

/* Begin PBXResourcesBuildPhase section */
		8DC2EF520486A6940098B216 /* Resources */ = {
			isa = PBXResourcesBuildPhase;
			buildActionMask = 2147483647;
			files = (
			);
			runOnlyForDeploymentPostprocessing = 0;
		};
/* End PBXResourcesBuildPhase section */

/* Begin PBXSourcesBuildPhase section */
		8DC2EF540486A6940098B216 /* Sources */ = {
			isa = PBXSourcesBuildPhase;
			buildActionMask = 2147483647;
			files = (
				14C25F011211ED4C00622309 /* MPMusicPlayerController.m in Sources */,
				554DC1271C569A2400284B0A /* MPiTunesMusicPlayerController.m in Sources */,
				4C1677DA13C70F1A00814195 /* MPMoviePlayerController.m in Sources */,
				4C16781B13C71E6200814195 /* UIInternalMovieView.m in Sources */,
			);
			runOnlyForDeploymentPostprocessing = 0;
		};
/* End PBXSourcesBuildPhase section */

/* Begin PBXTargetDependency section */
		55FE7F6B1C533F09002F6F1C /* PBXTargetDependency */ = {
			isa = PBXTargetDependency;
			name = UIKit;
			targetProxy = 55FE7F6A1C533F09002F6F1C /* PBXContainerItemProxy */;
		};
/* End PBXTargetDependency section */

/* Begin XCBuildConfiguration section */
		1DEB91AE08733DA50010E9CD /* Debug */ = {
			isa = XCBuildConfiguration;
			buildSettings = {
				ALWAYS_SEARCH_USER_PATHS = NO;
				CLANG_ENABLE_MODULES = YES;
				CLANG_ENABLE_OBJC_ARC = YES;
				COMBINE_HIDPI_IMAGES = YES;
				COPY_PHASE_STRIP = NO;
				DEFINES_MODULE = YES;
				DYLIB_COMPATIBILITY_VERSION = 1;
				DYLIB_CURRENT_VERSION = 1;
				FRAMEWORK_SEARCH_PATHS = (
					"$(inherited)",
					"$(SRCROOT)",
					"$(LOCAL_LIBRARY_DIR)/Frameworks",
				);
				FRAMEWORK_VERSION = A;
				GCC_DYNAMIC_NO_PIC = NO;
				GCC_MODEL_TUNING = G5;
				GCC_OPTIMIZATION_LEVEL = 0;
				GCC_PRECOMPILE_PREFIX_HEADER = YES;
				GCC_PREFIX_HEADER = MediaPlayer_Prefix.pch;
				INFOPLIST_FILE = Info.plist;
				INSTALL_PATH = "@executable_path/../Frameworks";
				PRODUCT_BUNDLE_IDENTIFIER = org.chameleonproject.MediaPlayer;
				PRODUCT_NAME = MediaPlayer;
				SYMROOT = ../build;
				WRAPPER_EXTENSION = framework;
			};
			name = Debug;
		};
		1DEB91AF08733DA50010E9CD /* Release */ = {
			isa = XCBuildConfiguration;
			buildSettings = {
				ALWAYS_SEARCH_USER_PATHS = NO;
				CLANG_ENABLE_MODULES = YES;
				CLANG_ENABLE_OBJC_ARC = YES;
				COMBINE_HIDPI_IMAGES = YES;
				DEBUG_INFORMATION_FORMAT = "dwarf-with-dsym";
				DEFINES_MODULE = YES;
				DYLIB_COMPATIBILITY_VERSION = 1;
				DYLIB_CURRENT_VERSION = 1;
				FRAMEWORK_SEARCH_PATHS = (
					"$(inherited)",
					"$(SRCROOT)",
					"$(LOCAL_LIBRARY_DIR)/Frameworks",
				);
				FRAMEWORK_VERSION = A;
				GCC_MODEL_TUNING = G5;
				GCC_PRECOMPILE_PREFIX_HEADER = YES;
				GCC_PREFIX_HEADER = MediaPlayer_Prefix.pch;
				INFOPLIST_FILE = Info.plist;
				INSTALL_PATH = "@executable_path/../Frameworks";
				PRODUCT_BUNDLE_IDENTIFIER = org.chameleonproject.MediaPlayer;
				PRODUCT_NAME = MediaPlayer;
				SYMROOT = ../build;
				WRAPPER_EXTENSION = framework;
			};
			name = Release;
		};
		1DEB91B208733DA50010E9CD /* Debug */ = {
			isa = XCBuildConfiguration;
			buildSettings = {
				CLANG_CXX_LANGUAGE_STANDARD = "gnu++0x";
				CLANG_CXX_LIBRARY = "libc++";
				CLANG_ENABLE_MODULES = YES;
				CLANG_WARN_BOOL_CONVERSION = YES;
				CLANG_WARN_CONSTANT_CONVERSION = YES;
				CLANG_WARN_DIRECT_OBJC_ISA_USAGE = YES_ERROR;
				CLANG_WARN_EMPTY_BODY = YES;
				CLANG_WARN_ENUM_CONVERSION = YES;
				CLANG_WARN_INT_CONVERSION = YES;
				CLANG_WARN_OBJC_ROOT_CLASS = YES_ERROR;
				CLANG_WARN_UNREACHABLE_CODE = YES;
				CLANG_WARN__DUPLICATE_METHOD_MATCH = YES;
				DEBUG_INFORMATION_FORMAT = dwarf;
				ENABLE_STRICT_OBJC_MSGSEND = YES;
				ENABLE_TESTABILITY = YES;
				GCC_C_LANGUAGE_STANDARD = gnu99;
				GCC_DYNAMIC_NO_PIC = NO;
				GCC_NO_COMMON_BLOCKS = YES;
				GCC_OPTIMIZATION_LEVEL = 0;
				GCC_PREPROCESSOR_DEFINITIONS = (
					"DEBUG=1",
					"$(inherited)",
				);
				GCC_WARN_64_TO_32_BIT_CONVERSION = YES;
				GCC_WARN_ABOUT_MISSING_PROTOTYPES = YES;
				GCC_WARN_ABOUT_RETURN_TYPE = YES_ERROR;
				GCC_WARN_UNDECLARED_SELECTOR = YES;
				GCC_WARN_UNINITIALIZED_AUTOS = YES_AGGRESSIVE;
				GCC_WARN_UNUSED_FUNCTION = YES;
				GCC_WARN_UNUSED_VARIABLE = YES;
				MACOSX_DEPLOYMENT_TARGET = 10.9;
				ONLY_ACTIVE_ARCH = YES;
				SDKROOT = macosx;
			};
			name = Debug;
		};
		1DEB91B308733DA50010E9CD /* Release */ = {
			isa = XCBuildConfiguration;
			buildSettings = {
				CLANG_CXX_LANGUAGE_STANDARD = "gnu++0x";
				CLANG_CXX_LIBRARY = "libc++";
				CLANG_ENABLE_MODULES = YES;
				CLANG_WARN_BOOL_CONVERSION = YES;
				CLANG_WARN_CONSTANT_CONVERSION = YES;
				CLANG_WARN_DIRECT_OBJC_ISA_USAGE = YES_ERROR;
				CLANG_WARN_EMPTY_BODY = YES;
				CLANG_WARN_ENUM_CONVERSION = YES;
				CLANG_WARN_INT_CONVERSION = YES;
				CLANG_WARN_OBJC_ROOT_CLASS = YES_ERROR;
				CLANG_WARN_UNREACHABLE_CODE = YES;
				CLANG_WARN__DUPLICATE_METHOD_MATCH = YES;
				CODE_SIGN_IDENTITY = "3rd Party Mac Developer Application";
				DEBUG_INFORMATION_FORMAT = "dwarf-with-dsym";
				ENABLE_NS_ASSERTIONS = NO;
				ENABLE_STRICT_OBJC_MSGSEND = YES;
				GCC_C_LANGUAGE_STANDARD = gnu99;
				GCC_NO_COMMON_BLOCKS = YES;
				GCC_WARN_64_TO_32_BIT_CONVERSION = YES;
				GCC_WARN_ABOUT_MISSING_PROTOTYPES = YES;
				GCC_WARN_ABOUT_RETURN_TYPE = YES_ERROR;
				GCC_WARN_UNDECLARED_SELECTOR = YES;
				GCC_WARN_UNINITIALIZED_AUTOS = YES_AGGRESSIVE;
				GCC_WARN_UNUSED_FUNCTION = YES;
				GCC_WARN_UNUSED_VARIABLE = YES;
				MACOSX_DEPLOYMENT_TARGET = 10.9;
				PROVISIONING_PROFILE = "";
				SDKROOT = macosx;
			};
			name = Release;
		};
/* End XCBuildConfiguration section */

/* Begin XCConfigurationList section */
		1DEB91AD08733DA50010E9CD /* Build configuration list for PBXNativeTarget "MediaPlayer" */ = {
			isa = XCConfigurationList;
			buildConfigurations = (
				1DEB91AE08733DA50010E9CD /* Debug */,
				1DEB91AF08733DA50010E9CD /* Release */,
			);
			defaultConfigurationIsVisible = 0;
			defaultConfigurationName = Release;
		};
		1DEB91B108733DA50010E9CD /* Build configuration list for PBXProject "MediaPlayer" */ = {
			isa = XCConfigurationList;
			buildConfigurations = (
				1DEB91B208733DA50010E9CD /* Debug */,
				1DEB91B308733DA50010E9CD /* Release */,
			);
			defaultConfigurationIsVisible = 0;
			defaultConfigurationName = Release;
		};
/* End XCConfigurationList section */
	};
	rootObject = 0867D690FE84028FC02AAC07 /* Project object */;
}
